
Microsoft Visual Studio Solution File, Format Version 12.00
# Visual Studio 14
VisualStudioVersion = 14.0.22609.0
MinimumVisualStudioVersion = 10.0.40219.1
Project("{2150E333-8FDC-42A3-9474-1A3956D46DE8}") = "Demo", "Demo", "{B1EE3202-1CDB-4126-BDC5-060141015F94}"
EndProject
Project("{D954291E-2A0B-460D-934E-DC6B0785DB48}") = "WinRtMap.Demo.Shared", "WinRtMap.Demo\WinRtMap.Demo.Shared\WinRtMap.Demo.Shared.shproj", "{2B5FF475-D471-4E2C-A847-A9B03E13974C}"
EndProject
Project("{FAE04EC0-301F-11D3-BF4B-00C04F79EFBC}") = "WinRtMap.Demo.Windows", "WinRtMap.Demo\WinRtMap.Demo.Windows\WinRtMap.Demo.Windows.csproj", "{EEDA266D-1207-460C-8D30-39216C1EACD0}"
EndProject
Project("{FAE04EC0-301F-11D3-BF4B-00C04F79EFBC}") = "WinRtMap.Demo.WindowsPhone", "WinRtMap.Demo\WinRtMap.Demo.WindowsPhone\WinRtMap.Demo.WindowsPhone.csproj", "{30098DA6-A194-438D-BABA-B874863EE37E}"
EndProject
Project("{FAE04EC0-301F-11D3-BF4B-00C04F79EFBC}") = "WinRtMap", "WinRtMap\WinRtMap.csproj", "{749A29C3-76F9-418E-A0B9-EFE1ED2BA53D}"
EndProject
Project("{FAE04EC0-301F-11D3-BF4B-00C04F79EFBC}") = "WinRtMap.Tests", "WinRtMap.Tests\WinRtMap.Tests.csproj", "{28F121B5-1135-466D-AE44-33786F2AB701}"
EndProject
Global
	GlobalSection(Performance) = preSolution
		HasPerformanceSessions = true
	EndGlobalSection
	GlobalSection(SharedMSBuildProjectFiles) = preSolution
		WinRtMap.Demo\WinRtMap.Demo.Shared\WinRtMap.Demo.Shared.projitems*{eeda266d-1207-460c-8d30-39216c1eacd0}*SharedItemsImports = 4
		WinRtMap.Demo\WinRtMap.Demo.Shared\WinRtMap.Demo.Shared.projitems*{30098da6-a194-438d-baba-b874863ee37e}*SharedItemsImports = 4
		WinRtMap.Demo\WinRtMap.Demo.Shared\WinRtMap.Demo.Shared.projitems*{2b5ff475-d471-4e2c-a847-a9b03e13974c}*SharedItemsImports = 13
	EndGlobalSection
	GlobalSection(SolutionConfigurationPlatforms) = preSolution
		Debug|Any CPU = Debug|Any CPU
		Debug|ARM = Debug|ARM
		Debug|x64 = Debug|x64
		Debug|x86 = Debug|x86
		Release|Any CPU = Release|Any CPU
		Release|ARM = Release|ARM
		Release|x64 = Release|x64
		Release|x86 = Release|x86
	EndGlobalSection
	GlobalSection(ProjectConfigurationPlatforms) = postSolution
		{EEDA266D-1207-460C-8D30-39216C1EACD0}.Debug|Any CPU.ActiveCfg = Debug|Any CPU
		{EEDA266D-1207-460C-8D30-39216C1EACD0}.Debug|Any CPU.Build.0 = Debug|Any CPU
		{EEDA266D-1207-460C-8D30-39216C1EACD0}.Debug|Any CPU.Deploy.0 = Debug|Any CPU
		{EEDA266D-1207-460C-8D30-39216C1EACD0}.Debug|ARM.ActiveCfg = Debug|ARM
		{EEDA266D-1207-460C-8D30-39216C1EACD0}.Debug|ARM.Build.0 = Debug|ARM
		{EEDA266D-1207-460C-8D30-39216C1EACD0}.Debug|ARM.Deploy.0 = Debug|ARM
		{EEDA266D-1207-460C-8D30-39216C1EACD0}.Debug|x64.ActiveCfg = Debug|x64
		{EEDA266D-1207-460C-8D30-39216C1EACD0}.Debug|x64.Build.0 = Debug|x64
		{EEDA266D-1207-460C-8D30-39216C1EACD0}.Debug|x64.Deploy.0 = Debug|x64
		{EEDA266D-1207-460C-8D30-39216C1EACD0}.Debug|x86.ActiveCfg = Debug|x86
		{EEDA266D-1207-460C-8D30-39216C1EACD0}.Debug|x86.Build.0 = Debug|x86
		{EEDA266D-1207-460C-8D30-39216C1EACD0}.Debug|x86.Deploy.0 = Debug|x86
		{EEDA266D-1207-460C-8D30-39216C1EACD0}.Release|Any CPU.ActiveCfg = Release|Any CPU
		{EEDA266D-1207-460C-8D30-39216C1EACD0}.Release|Any CPU.Build.0 = Release|Any CPU
		{EEDA266D-1207-460C-8D30-39216C1EACD0}.Release|Any CPU.Deploy.0 = Release|Any CPU
		{EEDA266D-1207-460C-8D30-39216C1EACD0}.Release|ARM.ActiveCfg = Release|ARM
		{EEDA266D-1207-460C-8D30-39216C1EACD0}.Release|ARM.Build.0 = Release|ARM
		{EEDA266D-1207-460C-8D30-39216C1EACD0}.Release|ARM.Deploy.0 = Release|ARM
		{EEDA266D-1207-460C-8D30-39216C1EACD0}.Release|x64.ActiveCfg = Release|x64
		{EEDA266D-1207-460C-8D30-39216C1EACD0}.Release|x64.Build.0 = Release|x64
		{EEDA266D-1207-460C-8D30-39216C1EACD0}.Release|x64.Deploy.0 = Release|x64
		{EEDA266D-1207-460C-8D30-39216C1EACD0}.Release|x86.ActiveCfg = Release|x86
		{EEDA266D-1207-460C-8D30-39216C1EACD0}.Release|x86.Build.0 = Release|x86
		{EEDA266D-1207-460C-8D30-39216C1EACD0}.Release|x86.Deploy.0 = Release|x86
		{30098DA6-A194-438D-BABA-B874863EE37E}.Debug|Any CPU.ActiveCfg = Debug|Any CPU
		{30098DA6-A194-438D-BABA-B874863EE37E}.Debug|Any CPU.Build.0 = Debug|Any CPU
		{30098DA6-A194-438D-BABA-B874863EE37E}.Debug|Any CPU.Deploy.0 = Debug|Any CPU
		{30098DA6-A194-438D-BABA-B874863EE37E}.Debug|ARM.ActiveCfg = Debug|ARM
		{30098DA6-A194-438D-BABA-B874863EE37E}.Debug|ARM.Build.0 = Debug|ARM
		{30098DA6-A194-438D-BABA-B874863EE37E}.Debug|ARM.Deploy.0 = Debug|ARM
		{30098DA6-A194-438D-BABA-B874863EE37E}.Debug|x64.ActiveCfg = Debug|Any CPU
		{30098DA6-A194-438D-BABA-B874863EE37E}.Debug|x64.Build.0 = Debug|Any CPU
		{30098DA6-A194-438D-BABA-B874863EE37E}.Debug|x64.Deploy.0 = Debug|Any CPU
		{30098DA6-A194-438D-BABA-B874863EE37E}.Debug|x86.ActiveCfg = Debug|x86
		{30098DA6-A194-438D-BABA-B874863EE37E}.Debug|x86.Build.0 = Debug|x86
		{30098DA6-A194-438D-BABA-B874863EE37E}.Debug|x86.Deploy.0 = Debug|x86
		{30098DA6-A194-438D-BABA-B874863EE37E}.Release|Any CPU.ActiveCfg = Release|Any CPU
		{30098DA6-A194-438D-BABA-B874863EE37E}.Release|Any CPU.Build.0 = Release|Any CPU
		{30098DA6-A194-438D-BABA-B874863EE37E}.Release|Any CPU.Deploy.0 = Release|Any CPU
		{30098DA6-A194-438D-BABA-B874863EE37E}.Release|ARM.ActiveCfg = Release|ARM
		{30098DA6-A194-438D-BABA-B874863EE37E}.Release|ARM.Build.0 = Release|ARM
		{30098DA6-A194-438D-BABA-B874863EE37E}.Release|ARM.Deploy.0 = Release|ARM
		{30098DA6-A194-438D-BABA-B874863EE37E}.Release|x64.ActiveCfg = Release|Any CPU
		{30098DA6-A194-438D-BABA-B874863EE37E}.Release|x64.Build.0 = Release|Any CPU
		{30098DA6-A194-438D-BABA-B874863EE37E}.Release|x64.Deploy.0 = Release|Any CPU
		{30098DA6-A194-438D-BABA-B874863EE37E}.Release|x86.ActiveCfg = Release|x86
		{30098DA6-A194-438D-BABA-B874863EE37E}.Release|x86.Build.0 = Release|x86
		{30098DA6-A194-438D-BABA-B874863EE37E}.Release|x86.Deploy.0 = Release|x86
		{749A29C3-76F9-418E-A0B9-EFE1ED2BA53D}.Debug|Any CPU.ActiveCfg = Debug|Any CPU
		{749A29C3-76F9-418E-A0B9-EFE1ED2BA53D}.Debug|Any CPU.Build.0 = Debug|Any CPU
		{749A29C3-76F9-418E-A0B9-EFE1ED2BA53D}.Debug|ARM.ActiveCfg = Debug|Any CPU
		{749A29C3-76F9-418E-A0B9-EFE1ED2BA53D}.Debug|ARM.Build.0 = Debug|Any CPU
		{749A29C3-76F9-418E-A0B9-EFE1ED2BA53D}.Debug|x64.ActiveCfg = Debug|Any CPU
		{749A29C3-76F9-418E-A0B9-EFE1ED2BA53D}.Debug|x64.Build.0 = Debug|Any CPU
		{749A29C3-76F9-418E-A0B9-EFE1ED2BA53D}.Debug|x86.ActiveCfg = Debug|Any CPU
		{749A29C3-76F9-418E-A0B9-EFE1ED2BA53D}.Debug|x86.Build.0 = Debug|Any CPU
		{749A29C3-76F9-418E-A0B9-EFE1ED2BA53D}.Release|Any CPU.ActiveCfg = Release|Any CPU
		{749A29C3-76F9-418E-A0B9-EFE1ED2BA53D}.Release|Any CPU.Build.0 = Release|Any CPU
		{749A29C3-76F9-418E-A0B9-EFE1ED2BA53D}.Release|ARM.ActiveCfg = Release|Any CPU
		{749A29C3-76F9-418E-A0B9-EFE1ED2BA53D}.Release|ARM.Build.0 = Release|Any CPU
		{749A29C3-76F9-418E-A0B9-EFE1ED2BA53D}.Release|x64.ActiveCfg = Release|Any CPU
		{749A29C3-76F9-418E-A0B9-EFE1ED2BA53D}.Release|x64.Build.0 = Release|Any CPU
		{749A29C3-76F9-418E-A0B9-EFE1ED2BA53D}.Release|x86.ActiveCfg = Release|Any CPU
		{749A29C3-76F9-418E-A0B9-EFE1ED2BA53D}.Release|x86.Build.0 = Release|Any CPU
		{28F121B5-1135-466D-AE44-33786F2AB701}.Debug|Any CPU.ActiveCfg = Debug|Any CPU
		{28F121B5-1135-466D-AE44-33786F2AB701}.Debug|Any CPU.Build.0 = Debug|Any CPU
		{28F121B5-1135-466D-AE44-33786F2AB701}.Debug|Any CPU.Deploy.0 = Debug|Any CPU
		{28F121B5-1135-466D-AE44-33786F2AB701}.Debug|ARM.ActiveCfg = Debug|ARM
		{28F121B5-1135-466D-AE44-33786F2AB701}.Debug|ARM.Build.0 = Debug|ARM
		{28F121B5-1135-466D-AE44-33786F2AB701}.Debug|ARM.Deploy.0 = Debug|ARM
		{28F121B5-1135-466D-AE44-33786F2AB701}.Debug|x64.ActiveCfg = Debug|x64
		{28F121B5-1135-466D-AE44-33786F2AB701}.Debug|x64.Build.0 = Debug|x64
		{28F121B5-1135-466D-AE44-33786F2AB701}.Debug|x64.Deploy.0 = Debug|x64
		{28F121B5-1135-466D-AE44-33786F2AB701}.Debug|x86.ActiveCfg = Debug|x86
		{28F121B5-1135-466D-AE44-33786F2AB701}.Debug|x86.Build.0 = Debug|x86
		{28F121B5-1135-466D-AE44-33786F2AB701}.Debug|x86.Deploy.0 = Debug|x86
		{28F121B5-1135-466D-AE44-33786F2AB701}.Release|Any CPU.ActiveCfg = Release|Any CPU
		{28F121B5-1135-466D-AE44-33786F2AB701}.Release|Any CPU.Build.0 = Release|Any CPU
		{28F121B5-1135-466D-AE44-33786F2AB701}.Release|Any CPU.Deploy.0 = Release|Any CPU
		{28F121B5-1135-466D-AE44-33786F2AB701}.Release|ARM.ActiveCfg = Release|ARM
		{28F121B5-1135-466D-AE44-33786F2AB701}.Release|ARM.Build.0 = Release|ARM
		{28F121B5-1135-466D-AE44-33786F2AB701}.Release|ARM.Deploy.0 = Release|ARM
		{28F121B5-1135-466D-AE44-33786F2AB701}.Release|x64.ActiveCfg = Release|x64
		{28F121B5-1135-466D-AE44-33786F2AB701}.Release|x64.Build.0 = Release|x64
		{28F121B5-1135-466D-AE44-33786F2AB701}.Release|x64.Deploy.0 = Release|x64
		{28F121B5-1135-466D-AE44-33786F2AB701}.Release|x86.ActiveCfg = Release|x86
		{28F121B5-1135-466D-AE44-33786F2AB701}.Release|x86.Build.0 = Release|x86
		{28F121B5-1135-466D-AE44-33786F2AB701}.Release|x86.Deploy.0 = Release|x86
	EndGlobalSection
	GlobalSection(SolutionProperties) = preSolution
		HideSolutionNode = FALSE
	EndGlobalSection
	GlobalSection(NestedProjects) = preSolution
		{2B5FF475-D471-4E2C-A847-A9B03E13974C} = {B1EE3202-1CDB-4126-BDC5-060141015F94}
		{EEDA266D-1207-460C-8D30-39216C1EACD0} = {B1EE3202-1CDB-4126-BDC5-060141015F94}
		{30098DA6-A194-438D-BABA-B874863EE37E} = {B1EE3202-1CDB-4126-BDC5-060141015F94}
	EndGlobalSection
EndGlobal
